
Microsoft Visual Studio Solution File, Format Version 12.00
# Visual Studio Version 17
VisualStudioVersion = 17.0.31521.260
MinimumVisualStudioVersion = 10.0.40219.1
Project("{2150E333-8FDC-42A3-9474-1A3956D46DE8}") = "src", "src", "{644CE870-03C5-4286-A7A0-70ACCA79E055}"
EndProject
Project("{9A19103F-16F7-4668-BE54-9A1E7A4F7556}") = "Manager.API", "Manager.API\Manager.API.csproj", "{83C2DC7B-C42F-4404-AD10-7C2FEF60D105}"
EndProject
Project("{2150E333-8FDC-42A3-9474-1A3956D46DE8}") = "01 - Application", "01 - Application", "{D4EAD941-0702-48E6-AA5A-3D115AFF8A12}"
EndProject
Project("{2150E333-8FDC-42A3-9474-1A3956D46DE8}") = "02 - Services", "02 - Services", "{DAC50EEB-8DE0-4D02-A5EE-E2A34BE1EB63}"
EndProject
Project("{2150E333-8FDC-42A3-9474-1A3956D46DE8}") = "03 - Domain", "03 - Domain", "{79B669AF-43D6-42DC-AC56-3A7A17A73152}"
EndProject
Project("{2150E333-8FDC-42A3-9474-1A3956D46DE8}") = "04 - Infra", "04 - Infra", "{B59A8E70-18EC-43A7-8176-482F714D537F}"
EndProject
Project("{9A19103F-16F7-4668-BE54-9A1E7A4F7556}") = "Manager.Services", "Manager.Service\Manager.Services.csproj", "{7540C1CA-DC6A-40E4-86B1-F439D2F07E61}"
EndProject
Project("{9A19103F-16F7-4668-BE54-9A1E7A4F7556}") = "Manager.Domain", "Manager.Domain\Manager.Domain.csproj", "{F3F42D28-7416-4684-95EE-426425B92083}"
EndProject
Project("{2150E333-8FDC-42A3-9474-1A3956D46DE8}") = "05 - Core", "05 - Core", "{F0A03584-5834-4935-8B15-F1F022CBB8E3}"
EndProject
Project("{9A19103F-16F7-4668-BE54-9A1E7A4F7556}") = "Manager.Infra", "Manager.Infra\Manager.Infra.csproj", "{9ADC597B-647F-43A6-8307-42774E8533BA}"
EndProject
Project("{FAE04EC0-301F-11D3-BF4B-00C04F79EFBC}") = "Manager.Core", "Manager.Core\Manager.Core.csproj", "{48512459-D8D2-4047-96B5-9C9D30D65A76}"
EndProject
Global
	GlobalSection(SolutionConfigurationPlatforms) = preSolution
		Debug|Any CPU = Debug|Any CPU
		Release|Any CPU = Release|Any CPU
	EndGlobalSection
	GlobalSection(ProjectConfigurationPlatforms) = postSolution
		{83C2DC7B-C42F-4404-AD10-7C2FEF60D105}.Debug|Any CPU.ActiveCfg = Debug|Any CPU
		{83C2DC7B-C42F-4404-AD10-7C2FEF60D105}.Debug|Any CPU.Build.0 = Debug|Any CPU
		{83C2DC7B-C42F-4404-AD10-7C2FEF60D105}.Release|Any CPU.ActiveCfg = Release|Any CPU
		{83C2DC7B-C42F-4404-AD10-7C2FEF60D105}.Release|Any CPU.Build.0 = Release|Any CPU
		{7540C1CA-DC6A-40E4-86B1-F439D2F07E61}.Debug|Any CPU.ActiveCfg = Debug|Any CPU
		{7540C1CA-DC6A-40E4-86B1-F439D2F07E61}.Debug|Any CPU.Build.0 = Debug|Any CPU
		{7540C1CA-DC6A-40E4-86B1-F439D2F07E61}.Release|Any CPU.ActiveCfg = Release|Any CPU
		{7540C1CA-DC6A-40E4-86B1-F439D2F07E61}.Release|Any CPU.Build.0 = Release|Any CPU
		{F3F42D28-7416-4684-95EE-426425B92083}.Debug|Any CPU.ActiveCfg = Debug|Any CPU
		{F3F42D28-7416-4684-95EE-426425B92083}.Debug|Any CPU.Build.0 = Debug|Any CPU
		{F3F42D28-7416-4684-95EE-426425B92083}.Release|Any CPU.ActiveCfg = Release|Any CPU
		{F3F42D28-7416-4684-95EE-426425B92083}.Release|Any CPU.Build.0 = Release|Any CPU
		{9ADC597B-647F-43A6-8307-42774E8533BA}.Debug|Any CPU.ActiveCfg = Debug|Any CPU
		{9ADC597B-647F-43A6-8307-42774E8533BA}.Debug|Any CPU.Build.0 = Debug|Any CPU
		{9ADC597B-647F-43A6-8307-42774E8533BA}.Release|Any CPU.ActiveCfg = Release|Any CPU
		{9ADC597B-647F-43A6-8307-42774E8533BA}.Release|Any CPU.Build.0 = Release|Any CPU
		{48512459-D8D2-4047-96B5-9C9D30D65A76}.Debug|Any CPU.ActiveCfg = Debug|Any CPU
		{48512459-D8D2-4047-96B5-9C9D30D65A76}.Debug|Any CPU.Build.0 = Debug|Any CPU
		{48512459-D8D2-4047-96B5-9C9D30D65A76}.Release|Any CPU.ActiveCfg = Release|Any CPU
		{48512459-D8D2-4047-96B5-9C9D30D65A76}.Release|Any CPU.Build.0 = Release|Any CPU
	EndGlobalSection
	GlobalSection(SolutionProperties) = preSolution
		HideSolutionNode = FALSE
	EndGlobalSection
	GlobalSection(NestedProjects) = preSolution
		{83C2DC7B-C42F-4404-AD10-7C2FEF60D105} = {D4EAD941-0702-48E6-AA5A-3D115AFF8A12}
		{D4EAD941-0702-48E6-AA5A-3D115AFF8A12} = {644CE870-03C5-4286-A7A0-70ACCA79E055}
		{DAC50EEB-8DE0-4D02-A5EE-E2A34BE1EB63} = {644CE870-03C5-4286-A7A0-70ACCA79E055}
		{79B669AF-43D6-42DC-AC56-3A7A17A73152} = {644CE870-03C5-4286-A7A0-70ACCA79E055}
		{B59A8E70-18EC-43A7-8176-482F714D537F} = {644CE870-03C5-4286-A7A0-70ACCA79E055}
		{7540C1CA-DC6A-40E4-86B1-F439D2F07E61} = {DAC50EEB-8DE0-4D02-A5EE-E2A34BE1EB63}
		{F3F42D28-7416-4684-95EE-426425B92083} = {79B669AF-43D6-42DC-AC56-3A7A17A73152}
		{F0A03584-5834-4935-8B15-F1F022CBB8E3} = {644CE870-03C5-4286-A7A0-70ACCA79E055}
		{9ADC597B-647F-43A6-8307-42774E8533BA} = {B59A8E70-18EC-43A7-8176-482F714D537F}
		{48512459-D8D2-4047-96B5-9C9D30D65A76} = {F0A03584-5834-4935-8B15-F1F022CBB8E3}
	EndGlobalSection
	GlobalSection(ExtensibilityGlobals) = postSolution
		SolutionGuid = {D9F0A95F-ED51-4F16-9BEF-95E30951F4AD}
	EndGlobalSection
EndGlobal
